
Microsoft Visual Studio Solution File, Format Version 12.00
# Visual Studio Version 17
VisualStudioVersion = 17.2.32630.192
MinimumVisualStudioVersion = 10.0.40219.1
Project("{2150E333-8FDC-42A3-9474-1A3956D46DE8}") = "Domain", "Domain", "{267231E0-04D2-4347-BFA0-05320FED42AA}"
EndProject
Project("{2150E333-8FDC-42A3-9474-1A3956D46DE8}") = "Infra.Bus", "Infra.Bus", "{2F51BBA7-BF47-4645-985B-FF26E2B10650}"
EndProject
Project("{2150E333-8FDC-42A3-9474-1A3956D46DE8}") = "Infra.IoC", "Infra.IoC", "{8806F2B8-4549-4F00-9E0D-85C73128D2DB}"
EndProject
Project("{2150E333-8FDC-42A3-9474-1A3956D46DE8}") = "Microservices", "Microservices", "{0DA70234-B59B-4704-91A3-DDE9869BE741}"
EndProject
Project("{9A19103F-16F7-4668-BE54-9A1E7A4F7556}") = "MicroRabbit.Domain.Core", "MicroRabbit.Domain.Core\MicroRabbit.Domain.Core.csproj", "{1C5236FD-370B-46D7-8CDD-1AACCDA819D0}"
EndProject
Project("{9A19103F-16F7-4668-BE54-9A1E7A4F7556}") = "MicroRabbit.Infra.Bus", "MicroRabbit.Infra.Bus\MicroRabbit.Infra.Bus.csproj", "{1DA7D203-29A0-4A0D-9748-728A8BC0D36E}"
EndProject
Project("{9A19103F-16F7-4668-BE54-9A1E7A4F7556}") = "MicroRabbit.Infra.IoC", "MicroRabbit.Infra.IoC\MicroRabbit.Infra.IoC.csproj", "{5A85B6C5-9B9D-4ADD-A860-0D720EF646C0}"
EndProject
Project("{2150E333-8FDC-42A3-9474-1A3956D46DE8}") = "Banking", "Banking", "{3A0987FC-8A5A-4824-8DE1-089AFF9704C5}"
EndProject
Project("{2150E333-8FDC-42A3-9474-1A3956D46DE8}") = "Api", "Api", "{787EECF9-642F-4276-AB3C-7D1330CA3B79}"
EndProject
Project("{2150E333-8FDC-42A3-9474-1A3956D46DE8}") = "Application", "Application", "{51AB7D14-C03E-493B-9376-1ABA93371262}"
EndProject
Project("{2150E333-8FDC-42A3-9474-1A3956D46DE8}") = "Domain", "Domain", "{4DA71E74-8C25-434B-9D4D-D493E6F8D672}"
EndProject
Project("{2150E333-8FDC-42A3-9474-1A3956D46DE8}") = "Data", "Data", "{93F19A86-21F8-484E-9648-A59A77800870}"
EndProject
Project("{9A19103F-16F7-4668-BE54-9A1E7A4F7556}") = "MicroRabbit.Banking.Api", "MicroRabbit.Banking.Api\MicroRabbit.Banking.Api.csproj", "{5E9337E5-B22A-4308-96AF-32C40CC9F962}"
EndProject
Project("{9A19103F-16F7-4668-BE54-9A1E7A4F7556}") = "MicroRabbit.Banking.Application", "MicroRabbit.Banking.Application\MicroRabbit.Banking.Application.csproj", "{D6628639-BDD1-4851-A1D3-BF945194E263}"
EndProject
Project("{9A19103F-16F7-4668-BE54-9A1E7A4F7556}") = "MicroRabbit.Banking.Data", "MicroRabbit.Banking.Data\MicroRabbit.Banking.Data.csproj", "{E9F9C85B-EFB6-4491-B18C-04AE91FC8973}"
EndProject
Project("{9A19103F-16F7-4668-BE54-9A1E7A4F7556}") = "MicroRabbit.Banking.Domain", "MicroRabbit.Banking.Domain\MicroRabbit.Banking.Domain.csproj", "{EC61648C-7CE7-425A-94AE-5D04F05F2576}"
EndProject
Project("{2150E333-8FDC-42A3-9474-1A3956D46DE8}") = "Transfer", "Transfer", "{B83EF212-452A-4550-B845-D714966B7306}"
EndProject
Project("{2150E333-8FDC-42A3-9474-1A3956D46DE8}") = "Api", "Api", "{AED10415-616E-4C46-B7AD-723DE92D1C0F}"
EndProject
Project("{2150E333-8FDC-42A3-9474-1A3956D46DE8}") = "Application", "Application", "{4A3D1227-CDE8-4EC6-932C-FDF2811C0910}"
EndProject
Project("{2150E333-8FDC-42A3-9474-1A3956D46DE8}") = "Data", "Data", "{FBD09465-70B3-47AF-8419-13861FD8F4AB}"
EndProject
Project("{2150E333-8FDC-42A3-9474-1A3956D46DE8}") = "Domain", "Domain", "{269D6622-FBCE-4629-B370-8D1904CE03C8}"
EndProject
Project("{FAE04EC0-301F-11D3-BF4B-00C04F79EFBC}") = "MicroRabbit.Transfer.Api", "MicroRabbit.Transfer.Api\MicroRabbit.Transfer.Api.csproj", "{B188B6FE-DB54-4B67-9F56-D12F5D873B80}"
EndProject
Project("{FAE04EC0-301F-11D3-BF4B-00C04F79EFBC}") = "MicroRabbit.Transfer.Application", "MicroRabbit.Transfer.Application\MicroRabbit.Transfer.Application.csproj", "{852D6996-77DA-4805-81B9-4C0D325890B8}"
EndProject
Project("{FAE04EC0-301F-11D3-BF4B-00C04F79EFBC}") = "MicroRabbit.Transfer.Data", "MicroRabbit.Transfer.Data\MicroRabbit.Transfer.Data.csproj", "{CF9FB618-3594-46E3-848F-2E476C3D407F}"
EndProject
Project("{FAE04EC0-301F-11D3-BF4B-00C04F79EFBC}") = "MicroRabbit.Transfer.Domain", "MicroRabbit.Transfer.Domain\MicroRabbit.Transfer.Domain.csproj", "{5B00D891-B918-4C38-8D35-38B6D6710B80}"
EndProject
Global
	GlobalSection(SolutionConfigurationPlatforms) = preSolution
		Debug|Any CPU = Debug|Any CPU
		Release|Any CPU = Release|Any CPU
	EndGlobalSection
	GlobalSection(ProjectConfigurationPlatforms) = postSolution
		{1C5236FD-370B-46D7-8CDD-1AACCDA819D0}.Debug|Any CPU.ActiveCfg = Debug|Any CPU
		{1C5236FD-370B-46D7-8CDD-1AACCDA819D0}.Debug|Any CPU.Build.0 = Debug|Any CPU
		{1C5236FD-370B-46D7-8CDD-1AACCDA819D0}.Release|Any CPU.ActiveCfg = Release|Any CPU
		{1C5236FD-370B-46D7-8CDD-1AACCDA819D0}.Release|Any CPU.Build.0 = Release|Any CPU
		{1DA7D203-29A0-4A0D-9748-728A8BC0D36E}.Debug|Any CPU.ActiveCfg = Debug|Any CPU
		{1DA7D203-29A0-4A0D-9748-728A8BC0D36E}.Debug|Any CPU.Build.0 = Debug|Any CPU
		{1DA7D203-29A0-4A0D-9748-728A8BC0D36E}.Release|Any CPU.ActiveCfg = Release|Any CPU
		{1DA7D203-29A0-4A0D-9748-728A8BC0D36E}.Release|Any CPU.Build.0 = Release|Any CPU
		{5A85B6C5-9B9D-4ADD-A860-0D720EF646C0}.Debug|Any CPU.ActiveCfg = Debug|Any CPU
		{5A85B6C5-9B9D-4ADD-A860-0D720EF646C0}.Debug|Any CPU.Build.0 = Debug|Any CPU
		{5A85B6C5-9B9D-4ADD-A860-0D720EF646C0}.Release|Any CPU.ActiveCfg = Release|Any CPU
		{5A85B6C5-9B9D-4ADD-A860-0D720EF646C0}.Release|Any CPU.Build.0 = Release|Any CPU
		{5E9337E5-B22A-4308-96AF-32C40CC9F962}.Debug|Any CPU.ActiveCfg = Debug|Any CPU
		{5E9337E5-B22A-4308-96AF-32C40CC9F962}.Debug|Any CPU.Build.0 = Debug|Any CPU
		{5E9337E5-B22A-4308-96AF-32C40CC9F962}.Release|Any CPU.ActiveCfg = Release|Any CPU
		{5E9337E5-B22A-4308-96AF-32C40CC9F962}.Release|Any CPU.Build.0 = Release|Any CPU
		{D6628639-BDD1-4851-A1D3-BF945194E263}.Debug|Any CPU.ActiveCfg = Debug|Any CPU
		{D6628639-BDD1-4851-A1D3-BF945194E263}.Debug|Any CPU.Build.0 = Debug|Any CPU
		{D6628639-BDD1-4851-A1D3-BF945194E263}.Release|Any CPU.ActiveCfg = Release|Any CPU
		{D6628639-BDD1-4851-A1D3-BF945194E263}.Release|Any CPU.Build.0 = Release|Any CPU
		{E9F9C85B-EFB6-4491-B18C-04AE91FC8973}.Debug|Any CPU.ActiveCfg = Debug|Any CPU
		{E9F9C85B-EFB6-4491-B18C-04AE91FC8973}.Debug|Any CPU.Build.0 = Debug|Any CPU
		{E9F9C85B-EFB6-4491-B18C-04AE91FC8973}.Release|Any CPU.ActiveCfg = Release|Any CPU
		{E9F9C85B-EFB6-4491-B18C-04AE91FC8973}.Release|Any CPU.Build.0 = Release|Any CPU
		{EC61648C-7CE7-425A-94AE-5D04F05F2576}.Debug|Any CPU.ActiveCfg = Debug|Any CPU
		{EC61648C-7CE7-425A-94AE-5D04F05F2576}.Debug|Any CPU.Build.0 = Debug|Any CPU
		{EC61648C-7CE7-425A-94AE-5D04F05F2576}.Release|Any CPU.ActiveCfg = Release|Any CPU
		{EC61648C-7CE7-425A-94AE-5D04F05F2576}.Release|Any CPU.Build.0 = Release|Any CPU
		{B188B6FE-DB54-4B67-9F56-D12F5D873B80}.Debug|Any CPU.ActiveCfg = Debug|Any CPU
		{B188B6FE-DB54-4B67-9F56-D12F5D873B80}.Debug|Any CPU.Build.0 = Debug|Any CPU
		{B188B6FE-DB54-4B67-9F56-D12F5D873B80}.Release|Any CPU.ActiveCfg = Release|Any CPU
		{B188B6FE-DB54-4B67-9F56-D12F5D873B80}.Release|Any CPU.Build.0 = Release|Any CPU
		{852D6996-77DA-4805-81B9-4C0D325890B8}.Debug|Any CPU.ActiveCfg = Debug|Any CPU
		{852D6996-77DA-4805-81B9-4C0D325890B8}.Debug|Any CPU.Build.0 = Debug|Any CPU
		{852D6996-77DA-4805-81B9-4C0D325890B8}.Release|Any CPU.ActiveCfg = Release|Any CPU
		{852D6996-77DA-4805-81B9-4C0D325890B8}.Release|Any CPU.Build.0 = Release|Any CPU
		{CF9FB618-3594-46E3-848F-2E476C3D407F}.Debug|Any CPU.ActiveCfg = Debug|Any CPU
		{CF9FB618-3594-46E3-848F-2E476C3D407F}.Debug|Any CPU.Build.0 = Debug|Any CPU
		{CF9FB618-3594-46E3-848F-2E476C3D407F}.Release|Any CPU.ActiveCfg = Release|Any CPU
		{CF9FB618-3594-46E3-848F-2E476C3D407F}.Release|Any CPU.Build.0 = Release|Any CPU
		{5B00D891-B918-4C38-8D35-38B6D6710B80}.Debug|Any CPU.ActiveCfg = Debug|Any CPU
		{5B00D891-B918-4C38-8D35-38B6D6710B80}.Debug|Any CPU.Build.0 = Debug|Any CPU
		{5B00D891-B918-4C38-8D35-38B6D6710B80}.Release|Any CPU.ActiveCfg = Release|Any CPU
		{5B00D891-B918-4C38-8D35-38B6D6710B80}.Release|Any CPU.Build.0 = Release|Any CPU
	EndGlobalSection
	GlobalSection(SolutionProperties) = preSolution
		HideSolutionNode = FALSE
	EndGlobalSection
	GlobalSection(NestedProjects) = preSolution
		{1C5236FD-370B-46D7-8CDD-1AACCDA819D0} = {267231E0-04D2-4347-BFA0-05320FED42AA}
		{1DA7D203-29A0-4A0D-9748-728A8BC0D36E} = {2F51BBA7-BF47-4645-985B-FF26E2B10650}
		{5A85B6C5-9B9D-4ADD-A860-0D720EF646C0} = {8806F2B8-4549-4F00-9E0D-85C73128D2DB}
		{3A0987FC-8A5A-4824-8DE1-089AFF9704C5} = {0DA70234-B59B-4704-91A3-DDE9869BE741}
		{787EECF9-642F-4276-AB3C-7D1330CA3B79} = {3A0987FC-8A5A-4824-8DE1-089AFF9704C5}
		{51AB7D14-C03E-493B-9376-1ABA93371262} = {3A0987FC-8A5A-4824-8DE1-089AFF9704C5}
		{4DA71E74-8C25-434B-9D4D-D493E6F8D672} = {3A0987FC-8A5A-4824-8DE1-089AFF9704C5}
		{93F19A86-21F8-484E-9648-A59A77800870} = {3A0987FC-8A5A-4824-8DE1-089AFF9704C5}
		{5E9337E5-B22A-4308-96AF-32C40CC9F962} = {787EECF9-642F-4276-AB3C-7D1330CA3B79}
		{D6628639-BDD1-4851-A1D3-BF945194E263} = {51AB7D14-C03E-493B-9376-1ABA93371262}
		{E9F9C85B-EFB6-4491-B18C-04AE91FC8973} = {93F19A86-21F8-484E-9648-A59A77800870}
		{EC61648C-7CE7-425A-94AE-5D04F05F2576} = {4DA71E74-8C25-434B-9D4D-D493E6F8D672}
		{B83EF212-452A-4550-B845-D714966B7306} = {0DA70234-B59B-4704-91A3-DDE9869BE741}
		{AED10415-616E-4C46-B7AD-723DE92D1C0F} = {B83EF212-452A-4550-B845-D714966B7306}
		{4A3D1227-CDE8-4EC6-932C-FDF2811C0910} = {B83EF212-452A-4550-B845-D714966B7306}
		{FBD09465-70B3-47AF-8419-13861FD8F4AB} = {B83EF212-452A-4550-B845-D714966B7306}
		{269D6622-FBCE-4629-B370-8D1904CE03C8} = {B83EF212-452A-4550-B845-D714966B7306}
		{B188B6FE-DB54-4B67-9F56-D12F5D873B80} = {AED10415-616E-4C46-B7AD-723DE92D1C0F}
		{852D6996-77DA-4805-81B9-4C0D325890B8} = {4A3D1227-CDE8-4EC6-932C-FDF2811C0910}
		{CF9FB618-3594-46E3-848F-2E476C3D407F} = {FBD09465-70B3-47AF-8419-13861FD8F4AB}
		{5B00D891-B918-4C38-8D35-38B6D6710B80} = {269D6622-FBCE-4629-B370-8D1904CE03C8}
	EndGlobalSection
	GlobalSection(ExtensibilityGlobals) = postSolution
		SolutionGuid = {C0DA4BE8-5D6D-4C50-A80C-9836B4238F0D}
	EndGlobalSection
EndGlobal
